
Microsoft Visual Studio Solution File, Format Version 12.00
# Visual Studio Version 17
VisualStudioVersion = 17.5.33627.172
MinimumVisualStudioVersion = 10.0.40219.1
Project("{9A19103F-16F7-4668-BE54-9A1E7A4F7556}") = "BusinessObjects", "BusinessObjects\BusinessObjects.csproj", "{938B2777-ACC2-4021-8DA5-4CFA55CEBF72}"
EndProject
Project("{9A19103F-16F7-4668-BE54-9A1E7A4F7556}") = "DataAccess", "DataAccess\DataAccess.csproj", "{96A88CE7-E7EC-4779-8567-A0E6F53F740C}"
EndProject
Project("{FAE04EC0-301F-11D3-BF4B-00C04F79EFBC}") = "FoodStoreWebAPI", "FoodStoreWebAPI\FoodStoreWebAPI.csproj", "{9CF62C17-0492-470D-A549-D7677C1A5284}"
EndProject
Project("{FAE04EC0-301F-11D3-BF4B-00C04F79EFBC}") = "FoodStoreWebClient", "FoodStoreWebClient\FoodStoreWebClient.csproj", "{5C753D6D-10D7-4C25-9DCE-24788A2E2FAC}"
EndProject
Global
	GlobalSection(SolutionConfigurationPlatforms) = preSolution
		Debug|Any CPU = Debug|Any CPU
		Release|Any CPU = Release|Any CPU
	EndGlobalSection
	GlobalSection(ProjectConfigurationPlatforms) = postSolution
		{938B2777-ACC2-4021-8DA5-4CFA55CEBF72}.Debug|Any CPU.ActiveCfg = Debug|Any CPU
		{938B2777-ACC2-4021-8DA5-4CFA55CEBF72}.Debug|Any CPU.Build.0 = Debug|Any CPU
		{938B2777-ACC2-4021-8DA5-4CFA55CEBF72}.Release|Any CPU.ActiveCfg = Release|Any CPU
		{938B2777-ACC2-4021-8DA5-4CFA55CEBF72}.Release|Any CPU.Build.0 = Release|Any CPU
		{96A88CE7-E7EC-4779-8567-A0E6F53F740C}.Debug|Any CPU.ActiveCfg = Debug|Any CPU
		{96A88CE7-E7EC-4779-8567-A0E6F53F740C}.Debug|Any CPU.Build.0 = Debug|Any CPU
		{96A88CE7-E7EC-4779-8567-A0E6F53F740C}.Release|Any CPU.ActiveCfg = Release|Any CPU
		{96A88CE7-E7EC-4779-8567-A0E6F53F740C}.Release|Any CPU.Build.0 = Release|Any CPU
		{9CF62C17-0492-470D-A549-D7677C1A5284}.Debug|Any CPU.ActiveCfg = Debug|Any CPU
		{9CF62C17-0492-470D-A549-D7677C1A5284}.Debug|Any CPU.Build.0 = Debug|Any CPU
		{9CF62C17-0492-470D-A549-D7677C1A5284}.Release|Any CPU.ActiveCfg = Release|Any CPU
		{9CF62C17-0492-470D-A549-D7677C1A5284}.Release|Any CPU.Build.0 = Release|Any CPU
		{5C753D6D-10D7-4C25-9DCE-24788A2E2FAC}.Debug|Any CPU.ActiveCfg = Debug|Any CPU
		{5C753D6D-10D7-4C25-9DCE-24788A2E2FAC}.Debug|Any CPU.Build.0 = Debug|Any CPU
		{5C753D6D-10D7-4C25-9DCE-24788A2E2FAC}.Release|Any CPU.ActiveCfg = Release|Any CPU
		{5C753D6D-10D7-4C25-9DCE-24788A2E2FAC}.Release|Any CPU.Build.0 = Release|Any CPU
	EndGlobalSection
	GlobalSection(SolutionProperties) = preSolution
		HideSolutionNode = FALSE
	EndGlobalSection
	GlobalSection(ExtensibilityGlobals) = postSolution
		SolutionGuid = {8D992E72-5B70-490E-B44E-13BC8C4E8587}
	EndGlobalSection
EndGlobal
